
Microsoft Visual Studio Solution File, Format Version 12.00
# Visual Studio Version 16
VisualStudioVersion = 16.0.31321.278
MinimumVisualStudioVersion = 10.0.40219.1
Project("{FAE04EC0-301F-11D3-BF4B-00C04F79EFBC}") = "CharitySystem", "CharitySystem\CharitySystem.csproj", "{EFE1F859-48DE-42C5-9780-43EEDC52DDBA}"
EndProject
Global
	GlobalSection(SolutionConfigurationPlatforms) = preSolution
		Debug|Any CPU = Debug|Any CPU
		Release|Any CPU = Release|Any CPU
	EndGlobalSection
	GlobalSection(ProjectConfigurationPlatforms) = postSolution
		{EFE1F859-48DE-42C5-9780-43EEDC52DDBA}.Debug|Any CPU.ActiveCfg = Debug|Any CPU
		{EFE1F859-48DE-42C5-9780-43EEDC52DDBA}.Debug|Any CPU.Build.0 = Debug|Any CPU
		{EFE1F859-48DE-42C5-9780-43EEDC52DDBA}.Release|Any CPU.ActiveCfg = Release|Any CPU
		{EFE1F859-48DE-42C5-9780-43EEDC52DDBA}.Release|Any CPU.Build.0 = Release|Any CPU
	EndGlobalSection
	GlobalSection(SolutionProperties) = preSolution
		HideSolutionNode = FALSE
	EndGlobalSection
	GlobalSection(ExtensibilityGlobals) = postSolution
		SolutionGuid = {BDDEF920-FCE9-4EBE-A020-724BF66BE18A}
	EndGlobalSection
EndGlobal
